
Microsoft Visual Studio Solution File, Format Version 12.00
# Visual Studio Version 16
VisualStudioVersion = 16.0.30907.101
MinimumVisualStudioVersion = 15.0.26124.0
Project("{9A19103F-16F7-4668-BE54-9A1E7A4F7556}") = "DeVashe.CluiLib", "DeVashe.CluiLib\DeVashe.CluiLib.csproj", "{DC0C0404-DD38-4E3D-B225-2198F4943F19}"
EndProject
Project("{9A19103F-16F7-4668-BE54-9A1E7A4F7556}") = "DeVashe.CluiLib.Demo", "DeVashe.CluiLib.Demo\DeVashe.CluiLib.Demo.csproj", "{0F77A6B1-6AC3-429F-99E8-6E27F81CB2D5}"
EndProject
Global
	GlobalSection(SolutionConfigurationPlatforms) = preSolution
		Debug|Any CPU = Debug|Any CPU
		Debug|x64 = Debug|x64
		Debug|x86 = Debug|x86
		Release|Any CPU = Release|Any CPU
		Release|x64 = Release|x64
		Release|x86 = Release|x86
	EndGlobalSection
	GlobalSection(ProjectConfigurationPlatforms) = postSolution
		{DC0C0404-DD38-4E3D-B225-2198F4943F19}.Debug|Any CPU.ActiveCfg = Debug|Any CPU
		{DC0C0404-DD38-4E3D-B225-2198F4943F19}.Debug|Any CPU.Build.0 = Debug|Any CPU
		{DC0C0404-DD38-4E3D-B225-2198F4943F19}.Debug|x64.ActiveCfg = Debug|Any CPU
		{DC0C0404-DD38-4E3D-B225-2198F4943F19}.Debug|x64.Build.0 = Debug|Any CPU
		{DC0C0404-DD38-4E3D-B225-2198F4943F19}.Debug|x86.ActiveCfg = Debug|Any CPU
		{DC0C0404-DD38-4E3D-B225-2198F4943F19}.Debug|x86.Build.0 = Debug|Any CPU
		{DC0C0404-DD38-4E3D-B225-2198F4943F19}.Release|Any CPU.ActiveCfg = Release|Any CPU
		{DC0C0404-DD38-4E3D-B225-2198F4943F19}.Release|Any CPU.Build.0 = Release|Any CPU
		{DC0C0404-DD38-4E3D-B225-2198F4943F19}.Release|x64.ActiveCfg = Release|Any CPU
		{DC0C0404-DD38-4E3D-B225-2198F4943F19}.Release|x64.Build.0 = Release|Any CPU
		{DC0C0404-DD38-4E3D-B225-2198F4943F19}.Release|x86.ActiveCfg = Release|Any CPU
		{DC0C0404-DD38-4E3D-B225-2198F4943F19}.Release|x86.Build.0 = Release|Any CPU
		{0F77A6B1-6AC3-429F-99E8-6E27F81CB2D5}.Debug|Any CPU.ActiveCfg = Debug|Any CPU
		{0F77A6B1-6AC3-429F-99E8-6E27F81CB2D5}.Debug|Any CPU.Build.0 = Debug|Any CPU
		{0F77A6B1-6AC3-429F-99E8-6E27F81CB2D5}.Debug|x64.ActiveCfg = Debug|Any CPU
		{0F77A6B1-6AC3-429F-99E8-6E27F81CB2D5}.Debug|x64.Build.0 = Debug|Any CPU
		{0F77A6B1-6AC3-429F-99E8-6E27F81CB2D5}.Debug|x86.ActiveCfg = Debug|Any CPU
		{0F77A6B1-6AC3-429F-99E8-6E27F81CB2D5}.Debug|x86.Build.0 = Debug|Any CPU
		{0F77A6B1-6AC3-429F-99E8-6E27F81CB2D5}.Release|Any CPU.ActiveCfg = Release|Any CPU
		{0F77A6B1-6AC3-429F-99E8-6E27F81CB2D5}.Release|Any CPU.Build.0 = Release|Any CPU
		{0F77A6B1-6AC3-429F-99E8-6E27F81CB2D5}.Release|x64.ActiveCfg = Release|Any CPU
		{0F77A6B1-6AC3-429F-99E8-6E27F81CB2D5}.Release|x64.Build.0 = Release|Any CPU
		{0F77A6B1-6AC3-429F-99E8-6E27F81CB2D5}.Release|x86.ActiveCfg = Release|Any CPU
		{0F77A6B1-6AC3-429F-99E8-6E27F81CB2D5}.Release|x86.Build.0 = Release|Any CPU
	EndGlobalSection
	GlobalSection(SolutionProperties) = preSolution
		HideSolutionNode = FALSE
	EndGlobalSection
	GlobalSection(ExtensibilityGlobals) = postSolution
		SolutionGuid = {FEAC12E9-3AB2-4984-A76C-F35FC530C29C}
	EndGlobalSection
EndGlobal
